
Microsoft Visual Studio Solution File, Format Version 12.00
# Visual Studio 15
VisualStudioVersion = 15.0.28307.572
MinimumVisualStudioVersion = 10.0.40219.1
Project("{FAE04EC0-301F-11D3-BF4B-00C04F79EFBC}") = "2020AdventCode", "2020AdventCode\2020AdventCode.csproj", "{772D0E95-BF77-49CA-9B1C-E9735584CFB9}"
EndProject
Global
	GlobalSection(SolutionConfigurationPlatforms) = preSolution
		Debug|Any CPU = Debug|Any CPU
		Release|Any CPU = Release|Any CPU
	EndGlobalSection
	GlobalSection(ProjectConfigurationPlatforms) = postSolution
		{772D0E95-BF77-49CA-9B1C-E9735584CFB9}.Debug|Any CPU.ActiveCfg = Debug|Any CPU
		{772D0E95-BF77-49CA-9B1C-E9735584CFB9}.Debug|Any CPU.Build.0 = Debug|Any CPU
		{772D0E95-BF77-49CA-9B1C-E9735584CFB9}.Release|Any CPU.ActiveCfg = Release|Any CPU
		{772D0E95-BF77-49CA-9B1C-E9735584CFB9}.Release|Any CPU.Build.0 = Release|Any CPU
	EndGlobalSection
	GlobalSection(SolutionProperties) = preSolution
		HideSolutionNode = FALSE
	EndGlobalSection
	GlobalSection(ExtensibilityGlobals) = postSolution
		SolutionGuid = {82B8CBC9-29F0-49ED-865A-1B1D4ED9EE8F}
	EndGlobalSection
EndGlobal
